{
  "version": 4,
  "terraform_version": "1.10.5",
  "serial": 11,
  "lineage": "54d2f172-c4ea-7e95-6b08-60b973fde36b",
  "outputs": {
    "kubernetes_cluster_host": {
      "value": "35.234.174.243",
      "type": "string"
    },
    "kubernetes_cluster_name": {
      "value": "impactful-drive-450613-q8-gke",
      "type": "string"
    },
    "project_id": {
      "value": "impactful-drive-450613-q8",
      "type": "string"
    },
    "region": {
      "value": "europe-west4",
      "type": "string"
    }
  },
  "resources": [
    {
      "mode": "data",
      "type": "google_container_engine_versions",
      "name": "gke_version",
      "provider": "provider[\"registry.terraform.io/hashicorp/google\"]",
      "instances": [
        {
          "schema_version": 0,
          "attributes": {
            "default_cluster_version": "1.31.4-gke.1372000",
            "id": "2025-02-11 15:53:35.9473266 +0000 UTC",
            "latest_master_version": "1.31.5-gke.1169000",
            "latest_node_version": "1.31.5-gke.1169000",
            "location": "europe-west4-b",
            "project": null,
            "release_channel_default_version": {
              "EXTENDED": "1.31.4-gke.1372000",
              "RAPID": "1.31.5-gke.1068000",
              "REGULAR": "1.31.4-gke.1372000",
              "STABLE": "1.30.8-gke.1128001"
            },
            "release_channel_latest_version": {
              "EXTENDED": "1.31.5-gke.1023000",
              "RAPID": "1.31.5-gke.1169000",
              "REGULAR": "1.31.5-gke.1023000",
              "STABLE": "1.31.4-gke.1256000"
            },
            "valid_master_versions": [
              "1.31.5-gke.1169000",
              "1.31.5-gke.1068000",
              "1.31.5-gke.1023000",
              "1.31.4-gke.1372000",
              "1.31.4-gke.1256000",
              "1.31.4-gke.1183000"
            ],
            "valid_node_versions": [
              "1.31.5-gke.1169000",
              "1.31.5-gke.1068000",
              "1.31.5-gke.1023000",
              "1.31.4-gke.1372000",
              "1.31.4-gke.1256000",
              "1.31.4-gke.1249000",
              "1.31.4-gke.1183000",
              "1.31.4-gke.1177000",
              "1.31.4-gke.1072000",
              "1.31.3-gke.1162000",
              "1.31.3-gke.1121001",
              "1.31.3-gke.1056000",
              "1.31.3-gke.1023000",
              "1.31.3-gke.1006000",
              "1.31.2-gke.1518000",
              "1.31.2-gke.1384000",
              "1.31.2-gke.1354000",
              "1.31.2-gke.1115000",
              "1.31.1-gke.2105000",
              "1.31.1-gke.2008000",
              "1.31.1-gke.1846000",
              "1.31.1-gke.1678000",
              "1.31.1-gke.1146000"
            ],
            "version_prefix": "1.31."
          },
          "sensitive_attributes": []
        }
      ]
    },
    {
      "mode": "managed",
      "type": "google_compute_network",
      "name": "vpc",
      "provider": "provider[\"registry.terraform.io/hashicorp/google\"]",
      "instances": [
        {
          "schema_version": 0,
          "attributes": {
            "auto_create_subnetworks": false,
            "delete_default_routes_on_create": false,
            "description": "",
            "enable_ula_internal_ipv6": false,
            "gateway_ipv4": "",
            "id": "projects/impactful-drive-450613-q8/global/networks/impactful-drive-450613-q8-vpc",
            "internal_ipv6_range": "",
            "mtu": 0,
            "name": "impactful-drive-450613-q8-vpc",
            "network_firewall_policy_enforcement_order": "AFTER_CLASSIC_FIREWALL",
            "project": "impactful-drive-450613-q8",
            "routing_mode": "REGIONAL",
            "self_link": "https://www.googleapis.com/compute/v1/projects/impactful-drive-450613-q8/global/networks/impactful-drive-450613-q8-vpc",
            "timeouts": null
          },
          "sensitive_attributes": [],
          "private": "eyJlMmJmYjczMC1lY2FhLTExZTYtOGY4OC0zNDM2M2JjN2M0YzAiOnsiY3JlYXRlIjoxMjAwMDAwMDAwMDAwLCJkZWxldGUiOjEyMDAwMDAwMDAwMDAsInVwZGF0ZSI6MTIwMDAwMDAwMDAwMH19"
        }
      ]
    },
    {
      "mode": "managed",
      "type": "google_compute_subnetwork",
      "name": "subnet",
      "provider": "provider[\"registry.terraform.io/hashicorp/google\"]",
      "instances": [
        {
          "schema_version": 0,
          "attributes": {
            "creation_timestamp": "2025-02-11T07:53:39.752-08:00",
            "description": "",
            "external_ipv6_prefix": "",
            "fingerprint": null,
            "gateway_address": "10.10.0.1",
            "id": "projects/impactful-drive-450613-q8/regions/europe-west4/subnetworks/impactful-drive-450613-q8-subnet",
            "ip_cidr_range": "10.10.0.0/24",
            "ipv6_access_type": "",
            "ipv6_cidr_range": "",
            "log_config": [],
            "name": "impactful-drive-450613-q8-subnet",
            "network": "https://www.googleapis.com/compute/v1/projects/impactful-drive-450613-q8/global/networks/impactful-drive-450613-q8-vpc",
            "private_ip_google_access": false,
            "private_ipv6_google_access": "DISABLE_GOOGLE_ACCESS",
            "project": "impactful-drive-450613-q8",
            "purpose": "PRIVATE",
            "region": "europe-west4",
            "role": "",
            "secondary_ip_range": [],
            "self_link": "https://www.googleapis.com/compute/v1/projects/impactful-drive-450613-q8/regions/europe-west4/subnetworks/impactful-drive-450613-q8-subnet",
            "stack_type": "IPV4_ONLY",
            "timeouts": null
          },
          "sensitive_attributes": [],
          "private": "eyJlMmJmYjczMC1lY2FhLTExZTYtOGY4OC0zNDM2M2JjN2M0YzAiOnsiY3JlYXRlIjoxMjAwMDAwMDAwMDAwLCJkZWxldGUiOjEyMDAwMDAwMDAwMDAsInVwZGF0ZSI6MTIwMDAwMDAwMDAwMH19",
          "dependencies": [
            "google_compute_network.vpc"
          ]
        }
      ]
    },
    {
      "mode": "managed",
      "type": "google_container_cluster",
      "name": "primary",
      "provider": "provider[\"registry.terraform.io/hashicorp/google\"]",
      "instances": [
        {
          "schema_version": 1,
          "attributes": {
            "addons_config": [
              {
                "cloudrun_config": [],
                "config_connector_config": [],
                "dns_cache_config": [],
                "gce_persistent_disk_csi_driver_config": [
                  {
                    "enabled": true
                  }
                ],
                "gcp_filestore_csi_driver_config": [],
                "gke_backup_agent_config": [],
                "horizontal_pod_autoscaling": [],
                "http_load_balancing": [],
                "network_policy_config": [
                  {
                    "disabled": true
                  }
                ]
              }
            ],
            "authenticator_groups_config": [],
            "binary_authorization": [
              {
                "enabled": false,
                "evaluation_mode": ""
              }
            ],
            "cluster_autoscaling": [
              {
                "auto_provisioning_defaults": [],
                "enabled": false,
                "resource_limits": []
              }
            ],
            "cluster_ipv4_cidr": "10.204.0.0/14",
            "confidential_nodes": [],
            "cost_management_config": [],
            "database_encryption": [
              {
                "key_name": "",
                "state": "DECRYPTED"
              }
            ],
            "datapath_provider": "",
            "default_max_pods_per_node": null,
            "default_snat_status": [
              {
                "disabled": false
              }
            ],
            "description": "",
            "dns_config": [],
            "enable_autopilot": false,
            "enable_binary_authorization": false,
            "enable_intranode_visibility": false,
            "enable_kubernetes_alpha": false,
            "enable_l4_ilb_subsetting": false,
            "enable_legacy_abac": false,
            "enable_shielded_nodes": true,
            "enable_tpu": false,
            "endpoint": "35.234.174.243",
            "gateway_api_config": [],
            "id": "projects/impactful-drive-450613-q8/locations/europe-west4-b/clusters/impactful-drive-450613-q8-gke",
            "initial_node_count": 1,
            "ip_allocation_policy": [],
            "label_fingerprint": "a9dc16a7",
            "location": "europe-west4-b",
            "logging_config": [
              {
                "enable_components": [
                  "SYSTEM_COMPONENTS",
                  "WORKLOADS"
                ]
              }
            ],
            "logging_service": "logging.googleapis.com/kubernetes",
            "maintenance_policy": [],
            "master_auth": [
              {
                "client_certificate": "",
                "client_certificate_config": [
                  {
                    "issue_client_certificate": false
                  }
                ],
                "client_key": "",
                "cluster_ca_certificate": "LS0tLS1CRUdJTiBDRVJUSUZJQ0FURS0tLS0tCk1JSUVMRENDQXBTZ0F3SUJBZ0lRUnVMbVUwVllzb0Noc2hWYkRUWGR4VEFOQmdrcWhraUc5dzBCQVFzRkFEQXYKTVMwd0t3WURWUVFERXlRd05tWmpPRGxqWWkwd1pqSm1MVFEwWXpNdE9XUTNZaTA1WmpZNVpXWTJZamd6WWpJdwpJQmNOTWpVd01qRXhNVFExTkRBeFdoZ1BNakExTlRBeU1EUXhOVFUwTURGYU1DOHhMVEFyQmdOVkJBTVRKREEyClptTTRPV05pTFRCbU1tWXRORFJqTXkwNVpEZGlMVGxtTmpsbFpqWmlPRE5pTWpDQ0FhSXdEUVlKS29aSWh2Y04KQVFFQkJRQURnZ0dQQURDQ0FZb0NnZ0dCQU5JdThpWmdGNjVmNlNyemxYQVVJVzA2cEs3b2YwSlE3SW8zRWRxMQppbjVwa0JjVXlaUnlqeTlmRUNvWkEza3o4OW5sS0tTaVZ3eDJPNStQekw3RE1zTHVLYndNcUpWbVlxQjdodmsvCk5NMXA0SldxMVFmYWFqYTBHZHp5WlFPWHNldHB4cmFqOXd6c3FjelVtcjZYOUgxS0FrT1RiZENKbGxSckZzQTkKdU9FdCthS0EyRDFzaUo1d3JzOEZERlJiUGM1RDZzRHp4V1JxUFhQSk9yaWw1TzlRM0dCNUpTYnZPSEc2VmdpTQpzZDZJSVFybFhLVHNybm5acHVHeWRVemhJckE3YS9yOGQ3RnpvQ3JGOENsWE5VODVwMUN0ZUNONUY1M09BSlFYCkFORDdxT3lxMTFPQnJOMVBDRXREL3hwQzNzdFBKbnNyaS9qNld4ZVBWeEQ5QkVSc2c4YzVKZFd6NVI1Q0hQZk0Kc0NOY2E5MDU2WCtPd2o1a25RVjFMeWRaU1l6RHVEeVRXa1IrTEMxWXNhVEQ2dXVJUnhQWUhBMEVZUDRCZWVxTQpNblFWL0dPaXZTbUQ4UXZpZU1zRW9seWZRb0xacStJZE9iVVdQWXg0Y241UVpvUEprTFJkbFErTS9FUHZwWHZWCmwyTTA0R2JjSGUweTR2TlZyRVNPMllzY2p3SURBUUFCbzBJd1FEQU9CZ05WSFE4QkFmOEVCQU1DQWdRd0R3WUQKVlIwVEFRSC9CQVV3QXdFQi96QWRCZ05WSFE0RUZnUVUxSlRjNGtQZlRySjZ2V1IyTzM5VFZ6WGxaeWN3RFFZSgpLb1pJaHZjTkFRRUxCUUFEZ2dHQkFNS3hpWWpBUFJRYUs1TFlmNzB3V1BRaVpVZ1RYdTI1Z2p1T2JwNFlvMlVBCjlvMWpGWi9SRVhldWxyUVprYTRoWXM2a2liVmd0QWxYbFRYTDgya1huNkFwZXBMRDBRb3hWZGdEanJRVnVtTE8KYkpWTkV5Z2NVdUx1RTN3dlZScjhDeHNhWmIzOEZPN2Z6U3VRdU5jeXpzeUxnbUNaTjlBMUs3aXRSd0FwRmU4dQo0elFMcVMxWTRNV2xJSzRLMElkNU9yQWN1cE82RjNRUGdOWGUrMFllcGxZR1R1dDBoUXduYXFNcXhKWW93UnViCm5EUURCVFVLRlp2emdka3FBMjF6dGxZTUJIc0tsK01GZGZJbEsrSEJZdlcwanlya082azhTL1ZXaUdDSVI2cUcKQjlrekNuTmVKTk43bjVOenZ0NEdQc2k0cjBPR1NPUzY0Y0Nmd0dXNVhoZEdPMUZCNzBUdTM2OTRnWThpOW84dwppZEdkdDJIUERiWUJIcjJ4STNzRmRXTUJYOWV1Q2xSTTNqOGwzcE9EV2hhaDJLYTdmd0g2bStsV3dZTzZ1SlhpCkxGUDM3SHdCRWhZTjd6dmtPVUVVWWJNNzRtT3k1K21LYTB1NjlmN3ZkQkpyVFBBY3BPQ1FXY2FGS2tBRFkzSloKbjUyTDZrZGc2dUJFa1k0V25reGJqdz09Ci0tLS0tRU5EIENFUlRJRklDQVRFLS0tLS0K"
              }
            ],
            "master_authorized_networks_config": [],
            "master_version": "1.31.4-gke.1372000",
            "mesh_certificates": [],
            "min_master_version": null,
            "monitoring_config": [
              {
                "enable_components": [
                  "SYSTEM_COMPONENTS",
                  "HPA",
                  "POD",
                  "DAEMONSET",
                  "DEPLOYMENT",
                  "STATEFULSET",
                  "STORAGE",
                  "KUBELET",
                  "CADVISOR"
                ],
                "managed_prometheus": [
                  {
                    "enabled": true
                  }
                ]
              }
            ],
            "monitoring_service": "monitoring.googleapis.com/kubernetes",
            "name": "impactful-drive-450613-q8-gke",
            "network": "projects/impactful-drive-450613-q8/global/networks/impactful-drive-450613-q8-vpc",
            "network_policy": [
              {
                "enabled": false,
                "provider": "PROVIDER_UNSPECIFIED"
              }
            ],
            "networking_mode": "ROUTES",
            "node_config": [],
            "node_locations": [],
            "node_pool": [],
            "node_pool_defaults": [
              {
                "node_config_defaults": [
                  {
                    "logging_variant": "DEFAULT"
                  }
                ]
              }
            ],
            "node_version": "1.31.4-gke.1372000",
            "notification_config": [
              {
                "pubsub": [
                  {
                    "enabled": false,
                    "filter": [],
                    "topic": ""
                  }
                ]
              }
            ],
            "operation": null,
            "private_cluster_config": [
              {
                "enable_private_endpoint": false,
                "enable_private_nodes": false,
                "master_global_access_config": [
                  {
                    "enabled": false
                  }
                ],
                "master_ipv4_cidr_block": "",
                "peering_name": "",
                "private_endpoint": "10.10.0.2",
                "private_endpoint_subnetwork": "",
                "public_endpoint": "35.234.174.243"
              }
            ],
            "private_ipv6_google_access": "",
            "project": "impactful-drive-450613-q8",
            "release_channel": [
              {
                "channel": "REGULAR"
              }
            ],
            "remove_default_node_pool": true,
            "resource_labels": null,
            "resource_usage_export_config": [],
            "security_posture_config": [
              {
                "mode": "BASIC",
                "vulnerability_mode": "VULNERABILITY_MODE_UNSPECIFIED"
              }
            ],
            "self_link": "https://container.googleapis.com/v1/projects/impactful-drive-450613-q8/zones/europe-west4-b/clusters/impactful-drive-450613-q8-gke",
            "service_external_ips_config": [
              {
                "enabled": false
              }
            ],
            "services_ipv4_cidr": "10.207.240.0/20",
            "subnetwork": "projects/impactful-drive-450613-q8/regions/europe-west4/subnetworks/impactful-drive-450613-q8-subnet",
            "timeouts": null,
            "tpu_ipv4_cidr_block": "",
            "vertical_pod_autoscaling": [],
            "workload_identity_config": []
          },
          "sensitive_attributes": [
            [
              {
                "type": "get_attr",
                "value": "master_auth"
              },
              {
                "type": "index",
                "value": {
                  "value": 0,
                  "type": "number"
                }
              },
              {
                "type": "get_attr",
                "value": "client_key"
              }
            ]
          ],
          "private": "eyJlMmJmYjczMC1lY2FhLTExZTYtOGY4OC0zNDM2M2JjN2M0YzAiOnsiY3JlYXRlIjoyNDAwMDAwMDAwMDAwLCJkZWxldGUiOjI0MDAwMDAwMDAwMDAsInJlYWQiOjI0MDAwMDAwMDAwMDAsInVwZGF0ZSI6MzYwMDAwMDAwMDAwMH0sInNjaGVtYV92ZXJzaW9uIjoiMSJ9",
          "dependencies": [
            "google_compute_network.vpc",
            "google_compute_subnetwork.subnet"
          ]
        }
      ]
    },
    {
      "mode": "managed",
      "type": "google_container_node_pool",
      "name": "primary_nodes",
      "provider": "provider[\"registry.terraform.io/hashicorp/google\"]",
      "instances": [
        {
          "schema_version": 1,
          "attributes": {
            "autoscaling": [],
            "cluster": "impactful-drive-450613-q8-gke",
            "id": "projects/impactful-drive-450613-q8/locations/europe-west4-b/clusters/impactful-drive-450613-q8-gke/nodePools/impactful-drive-450613-q8-gke",
            "initial_node_count": 2,
            "instance_group_urls": [
              "https://www.googleapis.com/compute/v1/projects/impactful-drive-450613-q8/zones/europe-west4-b/instanceGroupManagers/gke-impactful-drive--impactful-drive--88b972d1-grp"
            ],
            "location": "europe-west4-b",
            "managed_instance_group_urls": [
              "https://www.googleapis.com/compute/v1/projects/impactful-drive-450613-q8/zones/europe-west4-b/instanceGroups/gke-impactful-drive--impactful-drive--88b972d1-grp"
            ],
            "management": [
              {
                "auto_repair": true,
                "auto_upgrade": true
              }
            ],
            "max_pods_per_node": null,
            "name": "impactful-drive-450613-q8-gke",
            "name_prefix": "",
            "network_config": [],
            "node_config": [
              {
                "advanced_machine_features": [],
                "boot_disk_kms_key": "",
                "disk_size_gb": 100,
                "disk_type": "pd-balanced",
                "ephemeral_storage_local_ssd_config": [],
                "gcfs_config": [],
                "guest_accelerator": [],
                "gvnic": [],
                "image_type": "COS_CONTAINERD",
                "kubelet_config": [
                  {
                    "cpu_cfs_quota": false,
                    "cpu_cfs_quota_period": "",
                    "cpu_manager_policy": "",
                    "pod_pids_limit": 0
                  }
                ],
                "labels": {
                  "env": "impactful-drive-450613-q8"
                },
                "linux_node_config": [],
                "local_nvme_ssd_block_config": [],
                "local_ssd_count": 0,
                "logging_variant": "DEFAULT",
                "machine_type": "n1-standard-1",
                "metadata": {
                  "disable-legacy-endpoints": "true"
                },
                "min_cpu_platform": "",
                "node_group": "",
                "oauth_scopes": [
                  "https://www.googleapis.com/auth/logging.write",
                  "https://www.googleapis.com/auth/monitoring"
                ],
                "preemptible": false,
                "reservation_affinity": [],
                "resource_labels": {
                  "goog-gke-node-pool-provisioning-model": "on-demand"
                },
                "service_account": "default",
                "shielded_instance_config": [
                  {
                    "enable_integrity_monitoring": true,
                    "enable_secure_boot": false
                  }
                ],
                "sole_tenant_config": [],
                "spot": false,
                "tags": [
                  "gke-node",
                  "impactful-drive-450613-q8-gke"
                ],
                "taint": [],
                "workload_metadata_config": []
              }
            ],
            "node_count": 2,
            "node_locations": [
              "europe-west4-b"
            ],
            "operation": null,
            "placement_policy": [],
            "project": "impactful-drive-450613-q8",
            "timeouts": null,
            "upgrade_settings": [
              {
                "blue_green_settings": [],
                "max_surge": 1,
                "max_unavailable": 0,
                "strategy": "SURGE"
              }
            ],
            "version": "1.31.4-gke.1256000"
          },
          "sensitive_attributes": [],
          "private": "eyJlMmJmYjczMC1lY2FhLTExZTYtOGY4OC0zNDM2M2JjN2M0YzAiOnsiY3JlYXRlIjoxODAwMDAwMDAwMDAwLCJkZWxldGUiOjE4MDAwMDAwMDAwMDAsInVwZGF0ZSI6MTgwMDAwMDAwMDAwMH0sInNjaGVtYV92ZXJzaW9uIjoiMSJ9",
          "dependencies": [
            "data.google_container_engine_versions.gke_version",
            "google_compute_network.vpc",
            "google_compute_subnetwork.subnet",
            "google_container_cluster.primary"
          ]
        }
      ]
    }
  ],
  "check_results": null
}
